
Microsoft Visual Studio Solution File, Format Version 12.00
# Visual Studio Version 17
VisualStudioVersion = 17.5.002.0
MinimumVisualStudioVersion = 10.0.40219.1
Project("{9A19103F-16F7-4668-BE54-9A1E7A4F7556}") = "eShop.AppHost", "eShop.AppHost.csproj", "{4069FA51-ED9A-41AE-8987-8C2FD26FF860}"
EndProject
Global
	GlobalSection(SolutionConfigurationPlatforms) = preSolution
		Debug|Any CPU = Debug|Any CPU
		Release|Any CPU = Release|Any CPU
	EndGlobalSection
	GlobalSection(ProjectConfigurationPlatforms) = postSolution
		{4069FA51-ED9A-41AE-8987-8C2FD26FF860}.Debug|Any CPU.ActiveCfg = Debug|Any CPU
		{4069FA51-ED9A-41AE-8987-8C2FD26FF860}.Debug|Any CPU.Build.0 = Debug|Any CPU
		{4069FA51-ED9A-41AE-8987-8C2FD26FF860}.Release|Any CPU.ActiveCfg = Release|Any CPU
		{4069FA51-ED9A-41AE-8987-8C2FD26FF860}.Release|Any CPU.Build.0 = Release|Any CPU
	EndGlobalSection
	GlobalSection(SolutionProperties) = preSolution
		HideSolutionNode = FALSE
	EndGlobalSection
	GlobalSection(ExtensibilityGlobals) = postSolution
		SolutionGuid = {E9BCF401-B4BE-49A6-BDF2-B187F56FD335}
	EndGlobalSection
EndGlobal
